
Microsoft Visual Studio Solution File, Format Version 12.00
# Visual Studio 2015
Project("{FAE04EC0-301F-11D3-BF4B-00C04F79EFBC}") = "Ludumdare37.CSharp", "Ludumdare37.CSharp.csproj", "{872570EB-232A-2518-6B1A-A3702D17DFBC}"
EndProject
Global
	GlobalSection(SolutionConfigurationPlatforms) = preSolution
		Debug|Any CPU = Debug|Any CPU
		Release|Any CPU = Release|Any CPU
	EndGlobalSection
	GlobalSection(ProjectConfigurationPlatforms) = postSolution
		{872570EB-232A-2518-6B1A-A3702D17DFBC}.Debug|Any CPU.ActiveCfg = Debug|Any CPU
		{872570EB-232A-2518-6B1A-A3702D17DFBC}.Debug|Any CPU.Build.0 = Debug|Any CPU
		{872570EB-232A-2518-6B1A-A3702D17DFBC}.Release|Any CPU.ActiveCfg = Release|Any CPU
		{872570EB-232A-2518-6B1A-A3702D17DFBC}.Release|Any CPU.Build.0 = Release|Any CPU
	EndGlobalSection
	GlobalSection(SolutionProperties) = preSolution
		HideSolutionNode = FALSE
	EndGlobalSection
EndGlobal
